
Microsoft Visual Studio Solution File, Format Version 12.00
# Visual Studio Version 17
VisualStudioVersion = 17.5.33530.505
MinimumVisualStudioVersion = 10.0.40219.1
Project("{FAE04EC0-301F-11D3-BF4B-00C04F79EFBC}") = "LeaveManagement", "LeaveManagement\LeaveManagement.csproj", "{1AF57E5B-06AC-40DF-883A-F940A5B5AC07}"
EndProject
Global
	GlobalSection(SolutionConfigurationPlatforms) = preSolution
		Debug|Any CPU = Debug|Any CPU
		Release|Any CPU = Release|Any CPU
	EndGlobalSection
	GlobalSection(ProjectConfigurationPlatforms) = postSolution
		{1AF57E5B-06AC-40DF-883A-F940A5B5AC07}.Debug|Any CPU.ActiveCfg = Debug|Any CPU
		{1AF57E5B-06AC-40DF-883A-F940A5B5AC07}.Debug|Any CPU.Build.0 = Debug|Any CPU
		{1AF57E5B-06AC-40DF-883A-F940A5B5AC07}.Release|Any CPU.ActiveCfg = Release|Any CPU
		{1AF57E5B-06AC-40DF-883A-F940A5B5AC07}.Release|Any CPU.Build.0 = Release|Any CPU
	EndGlobalSection
	GlobalSection(SolutionProperties) = preSolution
		HideSolutionNode = FALSE
	EndGlobalSection
	GlobalSection(ExtensibilityGlobals) = postSolution
		SolutionGuid = {2B79895F-9B37-4F20-AAE9-30DAD04BD638}
	EndGlobalSection
EndGlobal
